// !$*UTF8*$!
{
	archiveVersion = 1;
	classes = {
	};
	objectVersion = 46;
	objects = {

/* Begin PBXBuildFile section */
		551008D4159BEE4000C86022 /* Cocoa.framework in Frameworks */ = {isa = PBXBuildFile; fileRef = 55545A0214EC607B0074B45E /* Cocoa.framework */; };
		551008E4159BEE7D00C86022 /* XUIBase.m in Sources */ = {isa = PBXBuildFile; fileRef = 55227AD114EDD37F0009B477 /* XUIBase.m */; };
		551008EA159BEE7D00C86022 /* XUIGeometry.m in Sources */ = {isa = PBXBuildFile; fileRef = 55545A3814EC6B1B0074B45E /* XUIGeometry.m */; };
		551008EB159BEE7D00C86022 /* XUIGraphics.m in Sources */ = {isa = PBXBuildFile; fileRef = 55545A2E14EC68F80074B45E /* XUIGraphics.m */; };
		55100902159BEE7D00C86022 /* XUIView.m in Sources */ = {isa = PBXBuildFile; fileRef = 55545A1E14EC60D70074B45E /* XUIView.m */; };
		55100903159BEEA600C86022 /* XUIKit.h in Headers */ = {isa = PBXBuildFile; fileRef = 55D4248614EDDB31001F6F71 /* XUIKit.h */; settings = {ATTRIBUTES = (Private, ); }; };
		55100907159BEED100C86022 /* XUIGeometry.h in Headers */ = {isa = PBXBuildFile; fileRef = 55545A3714EC6B1B0074B45E /* XUIGeometry.h */; settings = {ATTRIBUTES = (Private, ); }; };
		55100908159BEED100C86022 /* XUIGraphics.h in Headers */ = {isa = PBXBuildFile; fileRef = 55545A2D14EC68F70074B45E /* XUIGraphics.h */; settings = {ATTRIBUTES = (Private, ); }; };
		55100920159BEED100C86022 /* XUIView.h in Headers */ = {isa = PBXBuildFile; fileRef = 55545A1D14EC60D70074B45E /* XUIView.h */; settings = {ATTRIBUTES = (Private, ); }; };
		559BE0C2159C151F00A1735C /* XUIBase.h in Headers */ = {isa = PBXBuildFile; fileRef = 55545A3514EC69500074B45E /* XUIBase.h */; settings = {ATTRIBUTES = (Private, ); }; };
		559BE0EF159C19F900A1735C /* QuartzCore.framework in Frameworks */ = {isa = PBXBuildFile; fileRef = 559BE0EE159C19F800A1735C /* QuartzCore.framework */; };
		55F84906181CC05700BABB66 /* XUITypes.h in Headers */ = {isa = PBXBuildFile; fileRef = 55F84905181CC05700BABB66 /* XUITypes.h */; settings = {ATTRIBUTES = (Private, ); }; };
		55F8490C181CC13A00BABB66 /* XUIBezierPathAdditions.h in Headers */ = {isa = PBXBuildFile; fileRef = 55F84908181CC13A00BABB66 /* XUIBezierPathAdditions.h */; settings = {ATTRIBUTES = (Private, ); }; };
		55F8490D181CC13A00BABB66 /* XUIBezierPathAdditions.m in Sources */ = {isa = PBXBuildFile; fileRef = 55F84909181CC13A00BABB66 /* XUIBezierPathAdditions.m */; };
		55F8490E181CC13A00BABB66 /* XUIColorAdditions.h in Headers */ = {isa = PBXBuildFile; fileRef = 55F8490A181CC13A00BABB66 /* XUIColorAdditions.h */; settings = {ATTRIBUTES = (Private, ); }; };
		55F8490F181CC13A00BABB66 /* XUIColorAdditions.m in Sources */ = {isa = PBXBuildFile; fileRef = 55F8490B181CC13A00BABB66 /* XUIColorAdditions.m */; };
		55F84912181CC16C00BABB66 /* XUIFontAdditions.h in Headers */ = {isa = PBXBuildFile; fileRef = 55F84910181CC16C00BABB66 /* XUIFontAdditions.h */; settings = {ATTRIBUTES = (Private, ); }; };
		55F84913181CC16C00BABB66 /* XUIFontAdditions.m in Sources */ = {isa = PBXBuildFile; fileRef = 55F84911181CC16C00BABB66 /* XUIFontAdditions.m */; };
		55F84916181CC21A00BABB66 /* XUIIndexPathAdditions.h in Headers */ = {isa = PBXBuildFile; fileRef = 55F84914181CC21A00BABB66 /* XUIIndexPathAdditions.h */; settings = {ATTRIBUTES = (Private, ); }; };
		55F84917181CC21A00BABB66 /* XUIIndexPathAdditions.m in Sources */ = {isa = PBXBuildFile; fileRef = 55F84915181CC21A00BABB66 /* XUIIndexPathAdditions.m */; };
		55F8491A181CC22500BABB66 /* XUIValueAdditions.h in Headers */ = {isa = PBXBuildFile; fileRef = 55F84918181CC22500BABB66 /* XUIValueAdditions.h */; settings = {ATTRIBUTES = (Private, ); }; };
		55F8491B181CC22500BABB66 /* XUIValueAdditions.m in Sources */ = {isa = PBXBuildFile; fileRef = 55F84919181CC22500BABB66 /* XUIValueAdditions.m */; };
		55F8491E181CC2BB00BABB66 /* XUIViewAdditions.m in Sources */ = {isa = PBXBuildFile; fileRef = 55F8491C181CC2BB00BABB66 /* XUIViewAdditions.m */; };
		55F8491F181CC2BB00BABB66 /* XUIViewAdditions.h in Headers */ = {isa = PBXBuildFile; fileRef = 55F8491D181CC2BB00BABB66 /* XUIViewAdditions.h */; settings = {ATTRIBUTES = (Private, ); }; };
		55F84922181CC99900BABB66 /* XUIImageAdditions.h in Headers */ = {isa = PBXBuildFile; fileRef = 55F84920181CC99900BABB66 /* XUIImageAdditions.h */; settings = {ATTRIBUTES = (Private, ); }; };
		55F84923181CC99900BABB66 /* XUIImageAdditions.m in Sources */ = {isa = PBXBuildFile; fileRef = 55F84921181CC99900BABB66 /* XUIImageAdditions.m */; };
/* End PBXBuildFile section */

/* Begin PBXFileReference section */
		551008D3159BEE4000C86022 /* XUIKit.framework */ = {isa = PBXFileReference; explicitFileType = wrapper.framework; includeInIndex = 0; path = XUIKit.framework; sourceTree = BUILT_PRODUCTS_DIR; };
		55227AD114EDD37F0009B477 /* XUIBase.m */ = {isa = PBXFileReference; fileEncoding = 4; lastKnownFileType = sourcecode.c.objc; name = XUIBase.m; path = Source/XUIBase.m; sourceTree = SOURCE_ROOT; };
		55545A0214EC607B0074B45E /* Cocoa.framework */ = {isa = PBXFileReference; lastKnownFileType = wrapper.framework; name = Cocoa.framework; path = System/Library/Frameworks/Cocoa.framework; sourceTree = SDKROOT; };
		55545A0514EC607B0074B45E /* AppKit.framework */ = {isa = PBXFileReference; lastKnownFileType = wrapper.framework; name = AppKit.framework; path = System/Library/Frameworks/AppKit.framework; sourceTree = SDKROOT; };
		55545A0714EC607B0074B45E /* Foundation.framework */ = {isa = PBXFileReference; lastKnownFileType = wrapper.framework; name = Foundation.framework; path = System/Library/Frameworks/Foundation.framework; sourceTree = SDKROOT; };
		55545A1D14EC60D70074B45E /* XUIView.h */ = {isa = PBXFileReference; fileEncoding = 4; lastKnownFileType = sourcecode.c.h; name = XUIView.h; path = Source/XUIView.h; sourceTree = SOURCE_ROOT; };
		55545A1E14EC60D70074B45E /* XUIView.m */ = {isa = PBXFileReference; fileEncoding = 4; lastKnownFileType = sourcecode.c.objc; name = XUIView.m; path = Source/XUIView.m; sourceTree = SOURCE_ROOT; };
		55545A2714EC67260074B45E /* XUIKitPrefix.pch */ = {isa = PBXFileReference; fileEncoding = 4; lastKnownFileType = sourcecode.c.h; name = XUIKitPrefix.pch; path = Source/XUIKitPrefix.pch; sourceTree = SOURCE_ROOT; };
		55545A2D14EC68F70074B45E /* XUIGraphics.h */ = {isa = PBXFileReference; fileEncoding = 4; lastKnownFileType = sourcecode.c.h; name = XUIGraphics.h; path = Source/XUIGraphics.h; sourceTree = SOURCE_ROOT; };
		55545A2E14EC68F80074B45E /* XUIGraphics.m */ = {isa = PBXFileReference; fileEncoding = 4; lastKnownFileType = sourcecode.c.objc; name = XUIGraphics.m; path = Source/XUIGraphics.m; sourceTree = SOURCE_ROOT; };
		55545A3514EC69500074B45E /* XUIBase.h */ = {isa = PBXFileReference; fileEncoding = 4; lastKnownFileType = sourcecode.c.h; name = XUIBase.h; path = Source/XUIBase.h; sourceTree = SOURCE_ROOT; };
		55545A3714EC6B1B0074B45E /* XUIGeometry.h */ = {isa = PBXFileReference; fileEncoding = 4; lastKnownFileType = sourcecode.c.h; name = XUIGeometry.h; path = Source/XUIGeometry.h; sourceTree = SOURCE_ROOT; };
		55545A3814EC6B1B0074B45E /* XUIGeometry.m */ = {isa = PBXFileReference; fileEncoding = 4; lastKnownFileType = sourcecode.c.objc; name = XUIGeometry.m; path = Source/XUIGeometry.m; sourceTree = SOURCE_ROOT; };
		5566B94515A65021005F82F8 /* AppKit.framework */ = {isa = PBXFileReference; lastKnownFileType = wrapper.framework; name = AppKit.framework; path = Library/Frameworks/AppKit.framework; sourceTree = SDKROOT; };
		5566B94615A65021005F82F8 /* CoreData.framework */ = {isa = PBXFileReference; lastKnownFileType = wrapper.framework; name = CoreData.framework; path = Library/Frameworks/CoreData.framework; sourceTree = SDKROOT; };
		5566B94715A65021005F82F8 /* Foundation.framework */ = {isa = PBXFileReference; lastKnownFileType = wrapper.framework; name = Foundation.framework; path = Library/Frameworks/Foundation.framework; sourceTree = SDKROOT; };
		5579297B14FEE1FC00FCDE7C /* XUIKit_Mac_Debug.xcconfig */ = {isa = PBXFileReference; lastKnownFileType = text.xcconfig; path = XUIKit_Mac_Debug.xcconfig; sourceTree = "<group>"; };
		5579297C14FEE1FC00FCDE7C /* XUIKit_Mac_Profile.xcconfig */ = {isa = PBXFileReference; lastKnownFileType = text.xcconfig; path = XUIKit_Mac_Profile.xcconfig; sourceTree = "<group>"; };
		5579297D14FEE1FC00FCDE7C /* XUIKit_Mac_Release.xcconfig */ = {isa = PBXFileReference; lastKnownFileType = text.xcconfig; path = XUIKit_Mac_Release.xcconfig; sourceTree = "<group>"; };
		5579297E14FEE1FC00FCDE7C /* XUIKit_Base.xcconfig */ = {isa = PBXFileReference; lastKnownFileType = text.xcconfig; path = XUIKit_Base.xcconfig; sourceTree = "<group>"; };
		5579297F14FEE1FC00FCDE7C /* XUIKit_Debug.xcconfig */ = {isa = PBXFileReference; lastKnownFileType = text.xcconfig; path = XUIKit_Debug.xcconfig; sourceTree = "<group>"; };
		5579298014FEE1FC00FCDE7C /* XUIKit_Mac.xcconfig */ = {isa = PBXFileReference; lastKnownFileType = text.xcconfig; path = XUIKit_Mac.xcconfig; sourceTree = "<group>"; };
		5579298114FEE1FC00FCDE7C /* XUIKit_Profile.xcconfig */ = {isa = PBXFileReference; lastKnownFileType = text.xcconfig; path = XUIKit_Profile.xcconfig; sourceTree = "<group>"; };
		5579298214FEE1FC00FCDE7C /* XUIKit_Release.xcconfig */ = {isa = PBXFileReference; lastKnownFileType = text.xcconfig; path = XUIKit_Release.xcconfig; sourceTree = "<group>"; };
		559BE0EE159C19F800A1735C /* QuartzCore.framework */ = {isa = PBXFileReference; lastKnownFileType = wrapper.framework; name = QuartzCore.framework; path = Platforms/MacOSX.platform/Developer/SDKs/MacOSX10.8.sdk/System/Library/Frameworks/QuartzCore.framework; sourceTree = DEVELOPER_DIR; };
		55CB053618286B5C001DD1A0 /* Info.plist */ = {isa = PBXFileReference; fileEncoding = 4; lastKnownFileType = text.plist.xml; name = Info.plist; path = Resources/Info.plist; sourceTree = "<group>"; };
		55D4248614EDDB31001F6F71 /* XUIKit.h */ = {isa = PBXFileReference; fileEncoding = 4; lastKnownFileType = sourcecode.c.h; name = XUIKit.h; path = Source/XUIKit.h; sourceTree = "<group>"; };
		55F84905181CC05700BABB66 /* XUITypes.h */ = {isa = PBXFileReference; fileEncoding = 4; lastKnownFileType = sourcecode.c.h; name = XUITypes.h; path = Source/XUITypes.h; sourceTree = "<group>"; };
		55F84908181CC13A00BABB66 /* XUIBezierPathAdditions.h */ = {isa = PBXFileReference; fileEncoding = 4; lastKnownFileType = sourcecode.c.h; name = XUIBezierPathAdditions.h; path = Source/XUIBezierPathAdditions.h; sourceTree = "<group>"; };
		55F84909181CC13A00BABB66 /* XUIBezierPathAdditions.m */ = {isa = PBXFileReference; fileEncoding = 4; lastKnownFileType = sourcecode.c.objc; name = XUIBezierPathAdditions.m; path = Source/XUIBezierPathAdditions.m; sourceTree = "<group>"; };
		55F8490A181CC13A00BABB66 /* XUIColorAdditions.h */ = {isa = PBXFileReference; fileEncoding = 4; lastKnownFileType = sourcecode.c.h; name = XUIColorAdditions.h; path = Source/XUIColorAdditions.h; sourceTree = "<group>"; };
		55F8490B181CC13A00BABB66 /* XUIColorAdditions.m */ = {isa = PBXFileReference; fileEncoding = 4; lastKnownFileType = sourcecode.c.objc; name = XUIColorAdditions.m; path = Source/XUIColorAdditions.m; sourceTree = "<group>"; };
		55F84910181CC16C00BABB66 /* XUIFontAdditions.h */ = {isa = PBXFileReference; fileEncoding = 4; lastKnownFileType = sourcecode.c.h; name = XUIFontAdditions.h; path = Source/XUIFontAdditions.h; sourceTree = "<group>"; };
		55F84911181CC16C00BABB66 /* XUIFontAdditions.m */ = {isa = PBXFileReference; fileEncoding = 4; lastKnownFileType = sourcecode.c.objc; name = XUIFontAdditions.m; path = Source/XUIFontAdditions.m; sourceTree = "<group>"; };
		55F84914181CC21A00BABB66 /* XUIIndexPathAdditions.h */ = {isa = PBXFileReference; fileEncoding = 4; lastKnownFileType = sourcecode.c.h; name = XUIIndexPathAdditions.h; path = Source/XUIIndexPathAdditions.h; sourceTree = "<group>"; };
		55F84915181CC21A00BABB66 /* XUIIndexPathAdditions.m */ = {isa = PBXFileReference; fileEncoding = 4; lastKnownFileType = sourcecode.c.objc; name = XUIIndexPathAdditions.m; path = Source/XUIIndexPathAdditions.m; sourceTree = "<group>"; };
		55F84918181CC22500BABB66 /* XUIValueAdditions.h */ = {isa = PBXFileReference; fileEncoding = 4; lastKnownFileType = sourcecode.c.h; name = XUIValueAdditions.h; path = Source/XUIValueAdditions.h; sourceTree = "<group>"; };
		55F84919181CC22500BABB66 /* XUIValueAdditions.m */ = {isa = PBXFileReference; fileEncoding = 4; lastKnownFileType = sourcecode.c.objc; name = XUIValueAdditions.m; path = Source/XUIValueAdditions.m; sourceTree = "<group>"; };
		55F8491C181CC2BB00BABB66 /* XUIViewAdditions.m */ = {isa = PBXFileReference; fileEncoding = 4; lastKnownFileType = sourcecode.c.objc; name = XUIViewAdditions.m; path = Source/XUIViewAdditions.m; sourceTree = "<group>"; };
		55F8491D181CC2BB00BABB66 /* XUIViewAdditions.h */ = {isa = PBXFileReference; fileEncoding = 4; lastKnownFileType = sourcecode.c.h; name = XUIViewAdditions.h; path = Source/XUIViewAdditions.h; sourceTree = "<group>"; };
		55F84920181CC99900BABB66 /* XUIImageAdditions.h */ = {isa = PBXFileReference; fileEncoding = 4; lastKnownFileType = sourcecode.c.h; name = XUIImageAdditions.h; path = Source/XUIImageAdditions.h; sourceTree = "<group>"; };
		55F84921181CC99900BABB66 /* XUIImageAdditions.m */ = {isa = PBXFileReference; fileEncoding = 4; lastKnownFileType = sourcecode.c.objc; name = XUIImageAdditions.m; path = Source/XUIImageAdditions.m; sourceTree = "<group>"; };
/* End PBXFileReference section */

/* Begin PBXFrameworksBuildPhase section */
		551008CF159BEE4000C86022 /* Frameworks */ = {
			isa = PBXFrameworksBuildPhase;
			buildActionMask = 2147483647;
			files = (
				559BE0EF159C19F900A1735C /* QuartzCore.framework in Frameworks */,
				551008D4159BEE4000C86022 /* Cocoa.framework in Frameworks */,
			);
			runOnlyForDeploymentPostprocessing = 0;
		};
/* End PBXFrameworksBuildPhase section */

/* Begin PBXGroup section */
		55227AE114EDDA120009B477 /* Base */ = {
			isa = PBXGroup;
			children = (
				55545A2714EC67260074B45E /* XUIKitPrefix.pch */,
				55D4248614EDDB31001F6F71 /* XUIKit.h */,
				55F84905181CC05700BABB66 /* XUITypes.h */,
				55545A3514EC69500074B45E /* XUIBase.h */,
				55227AD114EDD37F0009B477 /* XUIBase.m */,
			);
			name = Base;
			sourceTree = "<group>";
		};
		55227AE214EDDA220009B477 /* Graphics */ = {
			isa = PBXGroup;
			children = (
				55545A3714EC6B1B0074B45E /* XUIGeometry.h */,
				55545A3814EC6B1B0074B45E /* XUIGeometry.m */,
				55545A2D14EC68F70074B45E /* XUIGraphics.h */,
				55545A2E14EC68F80074B45E /* XUIGraphics.m */,
			);
			name = Graphics;
			sourceTree = "<group>";
		};
		555459F314EC607B0074B45E = {
			isa = PBXGroup;
			children = (
				5579297914FEE1FC00FCDE7C /* Config */,
				55227AE114EDDA120009B477 /* Base */,
				55227AE214EDDA220009B477 /* Graphics */,
				55F84907181CC0DF00BABB66 /* Additions */,
				55545A0814EC607B0074B45E /* View Hierarchy */,
				55CB053518286B51001DD1A0 /* Resources */,
				55545A0114EC607B0074B45E /* Frameworks */,
				55545A0014EC607B0074B45E /* Products */,
			);
			sourceTree = "<group>";
		};
		55545A0014EC607B0074B45E /* Products */ = {
			isa = PBXGroup;
			children = (
				551008D3159BEE4000C86022 /* XUIKit.framework */,
			);
			name = Products;
			sourceTree = "<group>";
		};
		55545A0114EC607B0074B45E /* Frameworks */ = {
			isa = PBXGroup;
			children = (
				559BE0EE159C19F800A1735C /* QuartzCore.framework */,
				55545A0214EC607B0074B45E /* Cocoa.framework */,
				55545A0514EC607B0074B45E /* AppKit.framework */,
				55545A0714EC607B0074B45E /* Foundation.framework */,
				5566B94415A65021005F82F8 /* Other Frameworks */,
			);
			name = Frameworks;
			sourceTree = "<group>";
		};
		55545A0814EC607B0074B45E /* View Hierarchy */ = {
			isa = PBXGroup;
			children = (
				55545A1D14EC60D70074B45E /* XUIView.h */,
				55545A1E14EC60D70074B45E /* XUIView.m */,
			);
			name = "View Hierarchy";
			path = XUIKit;
			sourceTree = "<group>";
		};
		5566B94415A65021005F82F8 /* Other Frameworks */ = {
			isa = PBXGroup;
			children = (
				5566B94515A65021005F82F8 /* AppKit.framework */,
				5566B94615A65021005F82F8 /* CoreData.framework */,
				5566B94715A65021005F82F8 /* Foundation.framework */,
			);
			name = "Other Frameworks";
			sourceTree = "<group>";
		};
		5579297914FEE1FC00FCDE7C /* Config */ = {
			isa = PBXGroup;
			children = (
				5579297A14FEE1FC00FCDE7C /* Combined */,
				5579297E14FEE1FC00FCDE7C /* XUIKit_Base.xcconfig */,
				5579297F14FEE1FC00FCDE7C /* XUIKit_Debug.xcconfig */,
				5579298014FEE1FC00FCDE7C /* XUIKit_Mac.xcconfig */,
				5579298114FEE1FC00FCDE7C /* XUIKit_Profile.xcconfig */,
				5579298214FEE1FC00FCDE7C /* XUIKit_Release.xcconfig */,
			);
			path = Config;
			sourceTree = "<group>";
		};
		5579297A14FEE1FC00FCDE7C /* Combined */ = {
			isa = PBXGroup;
			children = (
				5579297B14FEE1FC00FCDE7C /* XUIKit_Mac_Debug.xcconfig */,
				5579297C14FEE1FC00FCDE7C /* XUIKit_Mac_Profile.xcconfig */,
				5579297D14FEE1FC00FCDE7C /* XUIKit_Mac_Release.xcconfig */,
			);
			path = Combined;
			sourceTree = "<group>";
		};
		55CB053518286B51001DD1A0 /* Resources */ = {
			isa = PBXGroup;
			children = (
				55CB053618286B5C001DD1A0 /* Info.plist */,
			);
			name = Resources;
			sourceTree = "<group>";
		};
		55F84907181CC0DF00BABB66 /* Additions */ = {
			isa = PBXGroup;
			children = (
				55F84908181CC13A00BABB66 /* XUIBezierPathAdditions.h */,
				55F84909181CC13A00BABB66 /* XUIBezierPathAdditions.m */,
				55F8490A181CC13A00BABB66 /* XUIColorAdditions.h */,
				55F8490B181CC13A00BABB66 /* XUIColorAdditions.m */,
				55F84910181CC16C00BABB66 /* XUIFontAdditions.h */,
				55F84911181CC16C00BABB66 /* XUIFontAdditions.m */,
				55F84914181CC21A00BABB66 /* XUIIndexPathAdditions.h */,
				55F84915181CC21A00BABB66 /* XUIIndexPathAdditions.m */,
				55F84920181CC99900BABB66 /* XUIImageAdditions.h */,
				55F84921181CC99900BABB66 /* XUIImageAdditions.m */,
				55F84918181CC22500BABB66 /* XUIValueAdditions.h */,
				55F84919181CC22500BABB66 /* XUIValueAdditions.m */,
				55F8491D181CC2BB00BABB66 /* XUIViewAdditions.h */,
				55F8491C181CC2BB00BABB66 /* XUIViewAdditions.m */,
			);
			name = Additions;
			sourceTree = "<group>";
		};
/* End PBXGroup section */

/* Begin PBXHeadersBuildPhase section */
		551008D0159BEE4000C86022 /* Headers */ = {
			isa = PBXHeadersBuildPhase;
			buildActionMask = 2147483647;
			files = (
				55100903159BEEA600C86022 /* XUIKit.h in Headers */,
				55F84906181CC05700BABB66 /* XUITypes.h in Headers */,
				559BE0C2159C151F00A1735C /* XUIBase.h in Headers */,
				55100907159BEED100C86022 /* XUIGeometry.h in Headers */,
				55100908159BEED100C86022 /* XUIGraphics.h in Headers */,
				55F8490C181CC13A00BABB66 /* XUIBezierPathAdditions.h in Headers */,
				55F8490E181CC13A00BABB66 /* XUIColorAdditions.h in Headers */,
				55F84912181CC16C00BABB66 /* XUIFontAdditions.h in Headers */,
				55F84922181CC99900BABB66 /* XUIImageAdditions.h in Headers */,
				55F84916181CC21A00BABB66 /* XUIIndexPathAdditions.h in Headers */,
				55F8491A181CC22500BABB66 /* XUIValueAdditions.h in Headers */,
				55F8491F181CC2BB00BABB66 /* XUIViewAdditions.h in Headers */,
				55100920159BEED100C86022 /* XUIView.h in Headers */,
			);
			runOnlyForDeploymentPostprocessing = 0;
		};
/* End PBXHeadersBuildPhase section */

/* Begin PBXNativeTarget section */
		551008D2159BEE4000C86022 /* XUIKit */ = {
			isa = PBXNativeTarget;
			buildConfigurationList = 551008E2159BEE4000C86022 /* Build configuration list for PBXNativeTarget "XUIKit" */;
			buildPhases = (
				551008CE159BEE4000C86022 /* Sources */,
				551008CF159BEE4000C86022 /* Frameworks */,
				551008D0159BEE4000C86022 /* Headers */,
				551008D1159BEE4000C86022 /* Resources */,
			);
			buildRules = (
			);
			dependencies = (
			);
			name = XUIKit;
			productName = XUIKit;
			productReference = 551008D3159BEE4000C86022 /* XUIKit.framework */;
			productType = "com.apple.product-type.framework";
		};
/* End PBXNativeTarget section */

/* Begin PBXProject section */
		555459F514EC607B0074B45E /* Project object */ = {
			isa = PBXProject;
			attributes = {
				LastUpgradeCheck = 0600;
			};
			buildConfigurationList = 555459F814EC607B0074B45E /* Build configuration list for PBXProject "XUIKit" */;
			compatibilityVersion = "Xcode 3.2";
			developmentRegion = English;
			hasScannedForEncodings = 0;
			knownRegions = (
				en,
			);
			mainGroup = 555459F314EC607B0074B45E;
			productRefGroup = 55545A0014EC607B0074B45E /* Products */;
			projectDirPath = "";
			projectRoot = "";
			targets = (
				551008D2159BEE4000C86022 /* XUIKit */,
			);
		};
/* End PBXProject section */

/* Begin PBXResourcesBuildPhase section */
		551008D1159BEE4000C86022 /* Resources */ = {
			isa = PBXResourcesBuildPhase;
			buildActionMask = 2147483647;
			files = (
			);
			runOnlyForDeploymentPostprocessing = 0;
		};
/* End PBXResourcesBuildPhase section */

/* Begin PBXSourcesBuildPhase section */
		551008CE159BEE4000C86022 /* Sources */ = {
			isa = PBXSourcesBuildPhase;
			buildActionMask = 2147483647;
			files = (
				55F8491E181CC2BB00BABB66 /* XUIViewAdditions.m in Sources */,
				55F84917181CC21A00BABB66 /* XUIIndexPathAdditions.m in Sources */,
				551008E4159BEE7D00C86022 /* XUIBase.m in Sources */,
				551008EA159BEE7D00C86022 /* XUIGeometry.m in Sources */,
				55F8491B181CC22500BABB66 /* XUIValueAdditions.m in Sources */,
				551008EB159BEE7D00C86022 /* XUIGraphics.m in Sources */,
				55F84913181CC16C00BABB66 /* XUIFontAdditions.m in Sources */,
				55F84923181CC99900BABB66 /* XUIImageAdditions.m in Sources */,
				55F8490D181CC13A00BABB66 /* XUIBezierPathAdditions.m in Sources */,
				55100902159BEE7D00C86022 /* XUIView.m in Sources */,
				55F8490F181CC13A00BABB66 /* XUIColorAdditions.m in Sources */,
			);
			runOnlyForDeploymentPostprocessing = 0;
		};
/* End PBXSourcesBuildPhase section */

/* Begin XCBuildConfiguration section */
		551008DF159BEE4000C86022 /* Debug */ = {
			isa = XCBuildConfiguration;
			baseConfigurationReference = 5579297B14FEE1FC00FCDE7C /* XUIKit_Mac_Debug.xcconfig */;
			buildSettings = {
				COMBINE_HIDPI_IMAGES = YES;
				DYLIB_COMPATIBILITY_VERSION = 1;
				DYLIB_CURRENT_VERSION = 1;
				GCC_PREFIX_HEADER = Source/XUIKitPrefix.pch;
				MACH_O_TYPE = mh_dylib;
			};
			name = Debug;
		};
		551008E0159BEE4000C86022 /* Profile */ = {
			isa = XCBuildConfiguration;
			baseConfigurationReference = 5579297C14FEE1FC00FCDE7C /* XUIKit_Mac_Profile.xcconfig */;
			buildSettings = {
				CODE_SIGN_IDENTITY = "Mac Developer";
				COMBINE_HIDPI_IMAGES = YES;
				DYLIB_COMPATIBILITY_VERSION = 1;
				DYLIB_CURRENT_VERSION = 1;
				GCC_PREFIX_HEADER = Source/XUIKitPrefix.pch;
				MACH_O_TYPE = mh_dylib;
			};
			name = Profile;
		};
		551008E1159BEE4000C86022 /* Release */ = {
			isa = XCBuildConfiguration;
			baseConfigurationReference = 5579297D14FEE1FC00FCDE7C /* XUIKit_Mac_Release.xcconfig */;
			buildSettings = {
				CODE_SIGN_IDENTITY = "Mac Developer";
				COMBINE_HIDPI_IMAGES = YES;
				DYLIB_COMPATIBILITY_VERSION = 1;
				DYLIB_CURRENT_VERSION = 1;
				GCC_PREFIX_HEADER = Source/XUIKitPrefix.pch;
				MACH_O_TYPE = mh_dylib;
			};
			name = Release;
		};
		55545A1214EC607B0074B45E /* Debug */ = {
			isa = XCBuildConfiguration;
			buildSettings = {
				MACOSX_DEPLOYMENT_TARGET = 10.7;
				ONLY_ACTIVE_ARCH = YES;
			};
			name = Debug;
		};
		55545A1314EC607B0074B45E /* Profile */ = {
			isa = XCBuildConfiguration;
			buildSettings = {
				MACOSX_DEPLOYMENT_TARGET = 10.7;
			};
			name = Profile;
		};
		5579298314FEE20900FCDE7C /* Release */ = {
			isa = XCBuildConfiguration;
			buildSettings = {
				MACOSX_DEPLOYMENT_TARGET = 10.7;
			};
			name = Release;
		};
/* End XCBuildConfiguration section */

/* Begin XCConfigurationList section */
		551008E2159BEE4000C86022 /* Build configuration list for PBXNativeTarget "XUIKit" */ = {
			isa = XCConfigurationList;
			buildConfigurations = (
				551008DF159BEE4000C86022 /* Debug */,
				551008E0159BEE4000C86022 /* Profile */,
				551008E1159BEE4000C86022 /* Release */,
			);
			defaultConfigurationIsVisible = 0;
			defaultConfigurationName = Profile;
		};
		555459F814EC607B0074B45E /* Build configuration list for PBXProject "XUIKit" */ = {
			isa = XCConfigurationList;
			buildConfigurations = (
				55545A1214EC607B0074B45E /* Debug */,
				55545A1314EC607B0074B45E /* Profile */,
				5579298314FEE20900FCDE7C /* Release */,
			);
			defaultConfigurationIsVisible = 0;
			defaultConfigurationName = Profile;
		};
/* End XCConfigurationList section */
	};
	rootObject = 555459F514EC607B0074B45E /* Project object */;
}
